
Microsoft Visual Studio Solution File, Format Version 12.00
# Visual Studio Version 17
VisualStudioVersion = 17.8.34330.188
MinimumVisualStudioVersion = 10.0.40219.1
Project("{2150E333-8FDC-42A3-9474-1A3956D46DE8}") = "Core", "Core", "{70E1705A-AA9C-4F70-B946-230BAEFA0870}"
EndProject
Project("{2150E333-8FDC-42A3-9474-1A3956D46DE8}") = "Infrastructure", "Infrastructure", "{1B517B0C-0248-43E4-93C9-E7B8510D7A7B}"
EndProject
Project("{2150E333-8FDC-42A3-9474-1A3956D46DE8}") = "Presentation", "Presentation", "{4001575E-0D69-4B3B-A474-F508B9A7188B}"
EndProject
Project("{FAE04EC0-301F-11D3-BF4B-00C04F79EFBC}") = "DugunSalonuKiralama.API", "Presentation\DugunSalonuKiralama.API\DugunSalonuKiralama.API.csproj", "{C54FB8AA-B290-40FF-B768-84B35A782D73}"
EndProject
Project("{FAE04EC0-301F-11D3-BF4B-00C04F79EFBC}") = "DugunSalonuKiralama.Persistence", "Infrastructure\DugunSalonuKiralama.Persistence\DugunSalonuKiralama.Persistence.csproj", "{30D51E70-130E-485B-97FD-8CFF8ED5ED50}"
EndProject
Project("{FAE04EC0-301F-11D3-BF4B-00C04F79EFBC}") = "DugunSalonuKiralama.Application", "Core\DugunSalonuKiralama.Application\DugunSalonuKiralama.Application.csproj", "{C9562F85-A11C-43CC-BCE7-576B3FBD9A8D}"
EndProject
Project("{FAE04EC0-301F-11D3-BF4B-00C04F79EFBC}") = "DugunSalonuKiralama.Domain", "Core\DugunSalonuKiralama.Domain\DugunSalonuKiralama.Domain.csproj", "{382634BB-75C0-4D6A-9F0B-33CFB352323F}"
EndProject
Global
	GlobalSection(SolutionConfigurationPlatforms) = preSolution
		Debug|Any CPU = Debug|Any CPU
		Release|Any CPU = Release|Any CPU
	EndGlobalSection
	GlobalSection(ProjectConfigurationPlatforms) = postSolution
		{C54FB8AA-B290-40FF-B768-84B35A782D73}.Debug|Any CPU.ActiveCfg = Debug|Any CPU
		{C54FB8AA-B290-40FF-B768-84B35A782D73}.Debug|Any CPU.Build.0 = Debug|Any CPU
		{C54FB8AA-B290-40FF-B768-84B35A782D73}.Release|Any CPU.ActiveCfg = Release|Any CPU
		{C54FB8AA-B290-40FF-B768-84B35A782D73}.Release|Any CPU.Build.0 = Release|Any CPU
		{30D51E70-130E-485B-97FD-8CFF8ED5ED50}.Debug|Any CPU.ActiveCfg = Debug|Any CPU
		{30D51E70-130E-485B-97FD-8CFF8ED5ED50}.Debug|Any CPU.Build.0 = Debug|Any CPU
		{30D51E70-130E-485B-97FD-8CFF8ED5ED50}.Release|Any CPU.ActiveCfg = Release|Any CPU
		{30D51E70-130E-485B-97FD-8CFF8ED5ED50}.Release|Any CPU.Build.0 = Release|Any CPU
		{C9562F85-A11C-43CC-BCE7-576B3FBD9A8D}.Debug|Any CPU.ActiveCfg = Debug|Any CPU
		{C9562F85-A11C-43CC-BCE7-576B3FBD9A8D}.Debug|Any CPU.Build.0 = Debug|Any CPU
		{C9562F85-A11C-43CC-BCE7-576B3FBD9A8D}.Release|Any CPU.ActiveCfg = Release|Any CPU
		{C9562F85-A11C-43CC-BCE7-576B3FBD9A8D}.Release|Any CPU.Build.0 = Release|Any CPU
		{382634BB-75C0-4D6A-9F0B-33CFB352323F}.Debug|Any CPU.ActiveCfg = Debug|Any CPU
		{382634BB-75C0-4D6A-9F0B-33CFB352323F}.Debug|Any CPU.Build.0 = Debug|Any CPU
		{382634BB-75C0-4D6A-9F0B-33CFB352323F}.Release|Any CPU.ActiveCfg = Release|Any CPU
		{382634BB-75C0-4D6A-9F0B-33CFB352323F}.Release|Any CPU.Build.0 = Release|Any CPU
	EndGlobalSection
	GlobalSection(SolutionProperties) = preSolution
		HideSolutionNode = FALSE
	EndGlobalSection
	GlobalSection(NestedProjects) = preSolution
		{C54FB8AA-B290-40FF-B768-84B35A782D73} = {4001575E-0D69-4B3B-A474-F508B9A7188B}
		{30D51E70-130E-485B-97FD-8CFF8ED5ED50} = {1B517B0C-0248-43E4-93C9-E7B8510D7A7B}
		{C9562F85-A11C-43CC-BCE7-576B3FBD9A8D} = {70E1705A-AA9C-4F70-B946-230BAEFA0870}
		{382634BB-75C0-4D6A-9F0B-33CFB352323F} = {70E1705A-AA9C-4F70-B946-230BAEFA0870}
	EndGlobalSection
	GlobalSection(ExtensibilityGlobals) = postSolution
		SolutionGuid = {2063D99A-072F-4739-9B49-C82BB1095079}
	EndGlobalSection
EndGlobal
